{
  "name": "picovolt-node-starter",
  "lockfileVersion": 3,
  "requires": true,
  "packages": {
    "": {
      "name": "picovolt-node-starter",
      "dependencies": {
        "picovolt": "2.2.0"
      },
      "engines": {
        "node": ">=22.12.0"
      }
    },
    "node_modules/picovolt": {
      "version": "2.2.0",
      "resolved": "https://registry.npmjs.org/picovolt/-/picovolt-2.2.0.tgz",
      "integrity": "sha512-RFnjQzlzGnUfmWIuZzI7o7k8dZFok51W30pLZjIcJwKiAoy5gAT1gemH53am4P9IZ2XM0fgzPczevC+FXbs9ng==",
      "license": "SEE LICENSE IN LICENSE"
    }
  }
}
