{
  "name": "picovolt-node-starter",
  "lockfileVersion": 3,
  "requires": true,
  "packages": {
    "": {
      "name": "picovolt-node-starter",
      "dependencies": {
        "picovolt": "1.7.0"
      },
      "engines": {
        "node": ">=20"
      }
    },
    "node_modules/picovolt": {
      "version": "1.7.0",
      "resolved": "https://registry.npmjs.org/picovolt/-/picovolt-1.7.0.tgz",
      "license": "Apache-2.0"
    }
  }
}
