{
  "name": "picovolt-node-starter",
  "lockfileVersion": 3,
  "requires": true,
  "packages": {
    "": {
      "name": "picovolt-node-starter",
      "dependencies": {
        "picovolt": "^1.4.0"
      },
      "engines": {
        "node": ">=20"
      }
    },
    "node_modules/picovolt": {
      "version": "1.4.0",
      "resolved": "https://registry.npmjs.org/picovolt/-/picovolt-1.4.0.tgz",
      "integrity": "sha512-uJlBEfIrnrJjlSNLYsL4CULhe539nHUVXvqxsLJ5hrxHohvTCKmwmdrdtoWT8ByIkqVEe1H07RZKaHwjcZ1YVQ==",
      "license": "Apache-2.0"
    }
  }
}
